
Microsoft Visual Studio Solution File, Format Version 12.00
# Visual Studio 14
VisualStudioVersion = 14.0.25123.0
MinimumVisualStudioVersion = 10.0.40219.1
Project("{575B7B3A-0CCE-4C29-B022-AD0CF5C56BAD}") = "Sitecore.Support.13655", "Sitecore.Support.13655\Sitecore.Support.13655.csproj", "{872808FD-B9BE-447D-AC64-6B999355A2FC}"
EndProject
Global
	GlobalSection(SolutionConfigurationPlatforms) = preSolution
		Debug|Any CPU = Debug|Any CPU
		Release|Any CPU = Release|Any CPU
	EndGlobalSection
	GlobalSection(ProjectConfigurationPlatforms) = postSolution
		{872808FD-B9BE-447D-AC64-6B999355A2FC}.Debug|Any CPU.ActiveCfg = Debug|Any CPU
		{872808FD-B9BE-447D-AC64-6B999355A2FC}.Debug|Any CPU.Build.0 = Debug|Any CPU
		{872808FD-B9BE-447D-AC64-6B999355A2FC}.Release|Any CPU.ActiveCfg = Release|Any CPU
		{872808FD-B9BE-447D-AC64-6B999355A2FC}.Release|Any CPU.Build.0 = Release|Any CPU
	EndGlobalSection
	GlobalSection(SolutionProperties) = preSolution
		HideSolutionNode = FALSE
	EndGlobalSection
EndGlobal
